<Solution>
  <Project Path="CoreFitness.Application/CoreFitness.Application.csproj" Id="b022855c-b416-42a2-b58d-1295248918db" />
  <Project Path="CoreFitness.Domain/CoreFitness.Domain.csproj" Id="1a424971-a07a-4355-8265-4caa4bda9279" />
  <Project Path="CoreFitness.Presentation/CoreFitness.Presentation.csproj" />
</Solution>